
Microsoft Visual Studio Solution File, Format Version 12.00
# Visual Studio Version 17
VisualStudioVersion = 17.8.34408.163
MinimumVisualStudioVersion = 10.0.40219.1
Project("{FAE04EC0-301F-11D3-BF4B-00C04F79EFBC}") = "Enshrouded Server Manager", "Enshrouded Server Manager\Enshrouded Server Manager.csproj", "{48319097-DBA7-40CD-8834-D8E84195EC9E}"
EndProject
Global
	GlobalSection(SolutionConfigurationPlatforms) = preSolution
		Debug|Any CPU = Debug|Any CPU
		Release|Any CPU = Release|Any CPU
	EndGlobalSection
	GlobalSection(ProjectConfigurationPlatforms) = postSolution
		{48319097-DBA7-40CD-8834-D8E84195EC9E}.Debug|Any CPU.ActiveCfg = Debug|Any CPU
		{48319097-DBA7-40CD-8834-D8E84195EC9E}.Debug|Any CPU.Build.0 = Debug|Any CPU
		{48319097-DBA7-40CD-8834-D8E84195EC9E}.Release|Any CPU.ActiveCfg = Release|Any CPU
		{48319097-DBA7-40CD-8834-D8E84195EC9E}.Release|Any CPU.Build.0 = Release|Any CPU
	EndGlobalSection
	GlobalSection(SolutionProperties) = preSolution
		HideSolutionNode = FALSE
	EndGlobalSection
	GlobalSection(ExtensibilityGlobals) = postSolution
		SolutionGuid = {64156E90-1B3D-4A4A-8D20-9BAA051AB1A7}
	EndGlobalSection
EndGlobal
