
Microsoft Visual Studio Solution File, Format Version 12.00
# Visual Studio Version 17
VisualStudioVersion = 17.5.002.0
MinimumVisualStudioVersion = 10.0.40219.1
Project("{9A19103F-16F7-4668-BE54-9A1E7A4F7556}") = "Enshrouded Server Manager", "Enshrouded Server Manager.csproj", "{F6A4A172-BE4D-4AC4-ABA9-F66AB516D4B8}"
EndProject
Global
	GlobalSection(SolutionConfigurationPlatforms) = preSolution
		Debug|Any CPU = Debug|Any CPU
		Release|Any CPU = Release|Any CPU
	EndGlobalSection
	GlobalSection(ProjectConfigurationPlatforms) = postSolution
		{F6A4A172-BE4D-4AC4-ABA9-F66AB516D4B8}.Debug|Any CPU.ActiveCfg = Debug|Any CPU
		{F6A4A172-BE4D-4AC4-ABA9-F66AB516D4B8}.Debug|Any CPU.Build.0 = Debug|Any CPU
		{F6A4A172-BE4D-4AC4-ABA9-F66AB516D4B8}.Release|Any CPU.ActiveCfg = Release|Any CPU
		{F6A4A172-BE4D-4AC4-ABA9-F66AB516D4B8}.Release|Any CPU.Build.0 = Release|Any CPU
	EndGlobalSection
	GlobalSection(SolutionProperties) = preSolution
		HideSolutionNode = FALSE
	EndGlobalSection
	GlobalSection(ExtensibilityGlobals) = postSolution
		SolutionGuid = {2A525261-E15D-4384-88AF-113C6A6DF4A6}
	EndGlobalSection
EndGlobal
